
Microsoft Visual Studio Solution File, Format Version 12.00
Project("{FAE04EC0-301F-11D3-BF4B-00C04F79EFBC}") = "BuilderBurgers", "BuilderBurgers\BuilderBurgers.csproj", "{F5FB31D7-524A-4787-A959-ECF8BB76ED02}"
EndProject
Global
	GlobalSection(SolutionConfigurationPlatforms) = preSolution
		Debug|Any CPU = Debug|Any CPU
		Release|Any CPU = Release|Any CPU
	EndGlobalSection
	GlobalSection(ProjectConfigurationPlatforms) = postSolution
		{F5FB31D7-524A-4787-A959-ECF8BB76ED02}.Debug|Any CPU.ActiveCfg = Debug|Any CPU
		{F5FB31D7-524A-4787-A959-ECF8BB76ED02}.Debug|Any CPU.Build.0 = Debug|Any CPU
		{F5FB31D7-524A-4787-A959-ECF8BB76ED02}.Release|Any CPU.ActiveCfg = Release|Any CPU
		{F5FB31D7-524A-4787-A959-ECF8BB76ED02}.Release|Any CPU.Build.0 = Release|Any CPU
	EndGlobalSection
EndGlobal
